// !$*UTF8*$!
{
	archiveVersion = 1;
	classes = {
	};
	objectVersion = 70;
	objects = {

/* Begin PBXBuildFile section */
		4B20C4A02ADCD799009F337A /* OpenSwiftUIAnimationsApp.swift in Sources */ = {isa = PBXBuildFile; fileRef = 4B20C49F2ADCD799009F337A /* OpenSwiftUIAnimationsApp.swift */; };
		4B20C4A22ADCD799009F337A /* AlertNotificationAnimation.swift in Sources */ = {isa = PBXBuildFile; fileRef = 4B20C4A12ADCD799009F337A /* AlertNotificationAnimation.swift */; };
		4B20C4A42ADCD79D009F337A /* Assets.xcassets in Resources */ = {isa = PBXBuildFile; fileRef = 4B20C4A32ADCD79D009F337A /* Assets.xcassets */; };
		4B20C4A72ADCD79D009F337A /* Preview Assets.xcassets in Resources */ = {isa = PBXBuildFile; fileRef = 4B20C4A62ADCD79D009F337A /* Preview Assets.xcassets */; };
		4B20C4B22ADCE2BA009F337A /* MickeyMouseAnimation.swift in Sources */ = {isa = PBXBuildFile; fileRef = 4B20C4B12ADCE2BA009F337A /* MickeyMouseAnimation.swift */; };
		4BDEB7CC2B2222D700BD22BD /* AnimationCompletionCriteria.swift in Sources */ = {isa = PBXBuildFile; fileRef = 4BDEB7CB2B2222D700BD22BD /* AnimationCompletionCriteria.swift */; };
		4BE691B22B3895CF0047BD08 /* SwiftUIXmasTree.swift in Sources */ = {isa = PBXBuildFile; fileRef = 4BE691B12B3895CF0047BD08 /* SwiftUIXmasTree.swift */; };
		4BE691B42B3895DB0047BD08 /* XmasSurpriseView.swift in Sources */ = {isa = PBXBuildFile; fileRef = 4BE691B32B3895DB0047BD08 /* XmasSurpriseView.swift */; };
		4BE691B62B3895E40047BD08 /* PresentView.swift in Sources */ = {isa = PBXBuildFile; fileRef = 4BE691B52B3895E40047BD08 /* PresentView.swift */; };
		4BE691B82B3895FD0047BD08 /* GiftWithRibbonView.swift in Sources */ = {isa = PBXBuildFile; fileRef = 4BE691B72B3895FD0047BD08 /* GiftWithRibbonView.swift */; };
		4BE691BA2B3896050047BD08 /* HeartWithRibbonView.swift in Sources */ = {isa = PBXBuildFile; fileRef = 4BE691B92B3896050047BD08 /* HeartWithRibbonView.swift */; };
		4BE691BC2B38960D0047BD08 /* MrsClausView.swift in Sources */ = {isa = PBXBuildFile; fileRef = 4BE691BB2B38960D0047BD08 /* MrsClausView.swift */; };
		4BE691BE2B3896150047BD08 /* FatherChristmasView.swift in Sources */ = {isa = PBXBuildFile; fileRef = 4BE691BD2B3896150047BD08 /* FatherChristmasView.swift */; };
		4BE691C02B38961D0047BD08 /* MxClausView.swift in Sources */ = {isa = PBXBuildFile; fileRef = 4BE691BF2B38961D0047BD08 /* MxClausView.swift */; };
		4BE691C22B3896270047BD08 /* CompositorView.swift in Sources */ = {isa = PBXBuildFile; fileRef = 4BE691C12B3896270047BD08 /* CompositorView.swift */; };
		4BE691C52B3896DF0047BD08 /* EmotionalReactions.swift in Sources */ = {isa = PBXBuildFile; fileRef = 4BE691C42B3896DF0047BD08 /* EmotionalReactions.swift */; };
		4BE691C72B3896E90047BD08 /* IncomingMessageView.swift in Sources */ = {isa = PBXBuildFile; fileRef = 4BE691C62B3896E90047BD08 /* IncomingMessageView.swift */; };
		4BE691CA2B3897F30047BD08 /* XLike1.swift in Sources */ = {isa = PBXBuildFile; fileRef = 4BE691C92B3897F30047BD08 /* XLike1.swift */; };
		4BE691CC2B3898090047BD08 /* XLike2.swift in Sources */ = {isa = PBXBuildFile; fileRef = 4BE691CB2B3898090047BD08 /* XLike2.swift */; };
		4BE691CE2B3898160047BD08 /* SplashView.swift in Sources */ = {isa = PBXBuildFile; fileRef = 4BE691CD2B3898160047BD08 /* SplashView.swift */; };
		4BE691D12B3899080047BD08 /* JumpAndFallEmojis.swift in Sources */ = {isa = PBXBuildFile; fileRef = 4BE691D02B3899080047BD08 /* JumpAndFallEmojis.swift */; };
		4BE691D32B3899360047BD08 /* JumpAndFallWithPhase.swift in Sources */ = {isa = PBXBuildFile; fileRef = 4BE691D22B3899360047BD08 /* JumpAndFallWithPhase.swift */; };
		4BE691D52B3899400047BD08 /* JumpAndFallWithKeyframes.swift in Sources */ = {isa = PBXBuildFile; fileRef = 4BE691D42B3899400047BD08 /* JumpAndFallWithKeyframes.swift */; };
		4BE691D82B3899A60047BD08 /* ScaleUp.swift in Sources */ = {isa = PBXBuildFile; fileRef = 4BE691D72B3899A60047BD08 /* ScaleUp.swift */; };
		4BE691DA2B3899BE0047BD08 /* ReactionsView.swift in Sources */ = {isa = PBXBuildFile; fileRef = 4BE691D92B3899BE0047BD08 /* ReactionsView.swift */; };
		844D0CFE2B64CCE00068E175 /* StackedSpring.swift in Sources */ = {isa = PBXBuildFile; fileRef = 844D0CFD2B64CCE00068E175 /* StackedSpring.swift */; };
		8457B9072BDDE7D10097A244 /* SunAndWind.swift in Sources */ = {isa = PBXBuildFile; fileRef = 8457B9062BDDE7D10097A244 /* SunAndWind.swift */; };
		8457B9092BDDE7EA0097A244 /* MeasuringHeartRate.swift in Sources */ = {isa = PBXBuildFile; fileRef = 8457B9082BDDE7EA0097A244 /* MeasuringHeartRate.swift */; };
		8457B90B2BDDE7F60097A244 /* StreamLogoMarchingAnts.swift in Sources */ = {isa = PBXBuildFile; fileRef = 8457B90A2BDDE7F60097A244 /* StreamLogoMarchingAnts.swift */; };
		8457B90E2BDDE8410097A244 /* EaseInExample.swift in Sources */ = {isa = PBXBuildFile; fileRef = 8457B90D2BDDE8410097A244 /* EaseInExample.swift */; };
		8457B9112BDDE86C0097A244 /* EaseOutExample.swift in Sources */ = {isa = PBXBuildFile; fileRef = 8457B9102BDDE86C0097A244 /* EaseOutExample.swift */; };
		8457B9142BDDE8F90097A244 /* EaseInOutExample.swift in Sources */ = {isa = PBXBuildFile; fileRef = 8457B9132BDDE8F90097A244 /* EaseInOutExample.swift */; };
		8457B9172BDE3D010097A244 /* DuoGetStarted.swift in Sources */ = {isa = PBXBuildFile; fileRef = 8457B9162BDE3D010097A244 /* DuoGetStarted.swift */; };
		8457B9192BDE3D0F0097A244 /* SpringyDuoGetStarted.swift in Sources */ = {isa = PBXBuildFile; fileRef = 8457B9182BDE3D0F0097A244 /* SpringyDuoGetStarted.swift */; };
		8457B91B2BDE3D160097A244 /* MusicNotes.swift in Sources */ = {isa = PBXBuildFile; fileRef = 8457B91A2BDE3D160097A244 /* MusicNotes.swift */; };
		8457B91D2BDE3D1E0097A244 /* DuoLoading.swift in Sources */ = {isa = PBXBuildFile; fileRef = 8457B91C2BDE3D1E0097A244 /* DuoLoading.swift */; };
		845DAA392BB49FFF00B1F292 /* WWDC24View1.swift in Sources */ = {isa = PBXBuildFile; fileRef = 845DAA382BB49FFF00B1F292 /* WWDC24View1.swift */; };
		8480EFA42BA89924000B2EC4 /* EmitterParticles.swift in Sources */ = {isa = PBXBuildFile; fileRef = 8480EFA32BA89924000B2EC4 /* EmitterParticles.swift */; };
		849BCD5F2BA5FCB200CE7E10 /* DefaultAnimationWithAnimation.swift in Sources */ = {isa = PBXBuildFile; fileRef = 849BCD5E2BA5FCB200CE7E10 /* DefaultAnimationWithAnimation.swift */; };
		849BCD612BA5FCE900CE7E10 /* DefaultAnimationAnimationModifier.swift in Sources */ = {isa = PBXBuildFile; fileRef = 849BCD602BA5FCE900CE7E10 /* DefaultAnimationAnimationModifier.swift */; };
		849BCD632BA7B68C00CE7E10 /* FlipXYZ.swift in Sources */ = {isa = PBXBuildFile; fileRef = 849BCD622BA7B68C00CE7E10 /* FlipXYZ.swift */; };
		84C53E732CFB93910030A342 /* PulsingHearts.swift in Sources */ = {isa = PBXBuildFile; fileRef = 84C53E722CFB93910030A342 /* PulsingHearts.swift */; };
		84C53E762CFB93D40030A342 /* Thinking.swift in Sources */ = {isa = PBXBuildFile; fileRef = 84C53E752CFB93D40030A342 /* Thinking.swift */; };
		84C53E782CFB940F0030A342 /* Thinking2.swift in Sources */ = {isa = PBXBuildFile; fileRef = 84C53E772CFB940F0030A342 /* Thinking2.swift */; };
		84C53E7A2CFB94720030A342 /* CombinedSymbolEffects.swift in Sources */ = {isa = PBXBuildFile; fileRef = 84C53E792CFB94720030A342 /* CombinedSymbolEffects.swift */; };
		84C53E7D2CFB99010030A342 /* SlideWith3DYRotation.swift in Sources */ = {isa = PBXBuildFile; fileRef = 84C53E7C2CFB99010030A342 /* SlideWith3DYRotation.swift */; };
		84C53E7F2CFB99080030A342 /* SlideWithSpring.swift in Sources */ = {isa = PBXBuildFile; fileRef = 84C53E7E2CFB99080030A342 /* SlideWithSpring.swift */; };
		84C53E812CFB99130030A342 /* SlideWithHeuRotationGradient.swift in Sources */ = {isa = PBXBuildFile; fileRef = 84C53E802CFB99130030A342 /* SlideWithHeuRotationGradient.swift */; };
		84C53E832CFB99180030A342 /* SlideWithHueRotation.swift in Sources */ = {isa = PBXBuildFile; fileRef = 84C53E822CFB99180030A342 /* SlideWithHueRotation.swift */; };
		84C53E852CFB991E0030A342 /* SlideWithRotation.swift in Sources */ = {isa = PBXBuildFile; fileRef = 84C53E842CFB991E0030A342 /* SlideWithRotation.swift */; };
		84C53E872CFB99220030A342 /* SlideToCancelWithScale.swift in Sources */ = {isa = PBXBuildFile; fileRef = 84C53E862CFB99220030A342 /* SlideToCancelWithScale.swift */; };
		84C53E892CFB99270030A342 /* SlideToCancelWithOpacity.swift in Sources */ = {isa = PBXBuildFile; fileRef = 84C53E882CFB99270030A342 /* SlideToCancelWithOpacity.swift */; };
		84C53E8B2CFB992C0030A342 /* WhatsAppPushToTalk.swift in Sources */ = {isa = PBXBuildFile; fileRef = 84C53E8A2CFB992C0030A342 /* WhatsAppPushToTalk.swift */; };
		84C53E8D2CFB99320030A342 /* LockAnimationView.swift in Sources */ = {isa = PBXBuildFile; fileRef = 84C53E8C2CFB99320030A342 /* LockAnimationView.swift */; };
		84FEA4102BBFF936001036A1 /* WWDC24Invite.swift in Sources */ = {isa = PBXBuildFile; fileRef = 84FEA40F2BBFF936001036A1 /* WWDC24Invite.swift */; };
		84FEA4122BC12CF5001036A1 /* LinearAndEasedAnimations.swift in Sources */ = {isa = PBXBuildFile; fileRef = 84FEA4112BC12CF5001036A1 /* LinearAndEasedAnimations.swift */; };
		84FEA4142BC1308E001036A1 /* FlipCharactersXYZ.swift in Sources */ = {isa = PBXBuildFile; fileRef = 84FEA4132BC1308E001036A1 /* FlipCharactersXYZ.swift */; };
/* End PBXBuildFile section */

/* Begin PBXFileReference section */
		4B20C49C2ADCD798009F337A /* OpenSwiftUIAnimations.app */ = {isa = PBXFileReference; explicitFileType = wrapper.application; includeInIndex = 0; path = OpenSwiftUIAnimations.app; sourceTree = BUILT_PRODUCTS_DIR; };
		4B20C49F2ADCD799009F337A /* OpenSwiftUIAnimationsApp.swift */ = {isa = PBXFileReference; lastKnownFileType = sourcecode.swift; path = OpenSwiftUIAnimationsApp.swift; sourceTree = "<group>"; };
		4B20C4A12ADCD799009F337A /* AlertNotificationAnimation.swift */ = {isa = PBXFileReference; lastKnownFileType = sourcecode.swift; path = AlertNotificationAnimation.swift; sourceTree = "<group>"; };
		4B20C4A32ADCD79D009F337A /* Assets.xcassets */ = {isa = PBXFileReference; lastKnownFileType = folder.assetcatalog; path = Assets.xcassets; sourceTree = "<group>"; };
		4B20C4A62ADCD79D009F337A /* Preview Assets.xcassets */ = {isa = PBXFileReference; lastKnownFileType = folder.assetcatalog; path = "Preview Assets.xcassets"; sourceTree = "<group>"; };
		4B20C4B12ADCE2BA009F337A /* MickeyMouseAnimation.swift */ = {isa = PBXFileReference; lastKnownFileType = sourcecode.swift; path = MickeyMouseAnimation.swift; sourceTree = "<group>"; };
		4BDEB7CB2B2222D700BD22BD /* AnimationCompletionCriteria.swift */ = {isa = PBXFileReference; lastKnownFileType = sourcecode.swift; path = AnimationCompletionCriteria.swift; sourceTree = "<group>"; };
		4BE691B12B3895CF0047BD08 /* SwiftUIXmasTree.swift */ = {isa = PBXFileReference; fileEncoding = 4; lastKnownFileType = sourcecode.swift; path = SwiftUIXmasTree.swift; sourceTree = "<group>"; };
		4BE691B32B3895DB0047BD08 /* XmasSurpriseView.swift */ = {isa = PBXFileReference; fileEncoding = 4; lastKnownFileType = sourcecode.swift; path = XmasSurpriseView.swift; sourceTree = "<group>"; };
		4BE691B52B3895E40047BD08 /* PresentView.swift */ = {isa = PBXFileReference; fileEncoding = 4; lastKnownFileType = sourcecode.swift; path = PresentView.swift; sourceTree = "<group>"; };
		4BE691B72B3895FD0047BD08 /* GiftWithRibbonView.swift */ = {isa = PBXFileReference; fileEncoding = 4; lastKnownFileType = sourcecode.swift; path = GiftWithRibbonView.swift; sourceTree = "<group>"; };
		4BE691B92B3896050047BD08 /* HeartWithRibbonView.swift */ = {isa = PBXFileReference; fileEncoding = 4; lastKnownFileType = sourcecode.swift; path = HeartWithRibbonView.swift; sourceTree = "<group>"; };
		4BE691BB2B38960D0047BD08 /* MrsClausView.swift */ = {isa = PBXFileReference; fileEncoding = 4; lastKnownFileType = sourcecode.swift; path = MrsClausView.swift; sourceTree = "<group>"; };
		4BE691BD2B3896150047BD08 /* FatherChristmasView.swift */ = {isa = PBXFileReference; fileEncoding = 4; lastKnownFileType = sourcecode.swift; path = FatherChristmasView.swift; sourceTree = "<group>"; };
		4BE691BF2B38961D0047BD08 /* MxClausView.swift */ = {isa = PBXFileReference; fileEncoding = 4; lastKnownFileType = sourcecode.swift; path = MxClausView.swift; sourceTree = "<group>"; };
		4BE691C12B3896270047BD08 /* CompositorView.swift */ = {isa = PBXFileReference; fileEncoding = 4; lastKnownFileType = sourcecode.swift; path = CompositorView.swift; sourceTree = "<group>"; };
		4BE691C42B3896DF0047BD08 /* EmotionalReactions.swift */ = {isa = PBXFileReference; fileEncoding = 4; lastKnownFileType = sourcecode.swift; path = EmotionalReactions.swift; sourceTree = "<group>"; };
		4BE691C62B3896E90047BD08 /* IncomingMessageView.swift */ = {isa = PBXFileReference; fileEncoding = 4; lastKnownFileType = sourcecode.swift; path = IncomingMessageView.swift; sourceTree = "<group>"; };
		4BE691C92B3897F30047BD08 /* XLike1.swift */ = {isa = PBXFileReference; fileEncoding = 4; lastKnownFileType = sourcecode.swift; path = XLike1.swift; sourceTree = "<group>"; };
		4BE691CB2B3898090047BD08 /* XLike2.swift */ = {isa = PBXFileReference; fileEncoding = 4; lastKnownFileType = sourcecode.swift; path = XLike2.swift; sourceTree = "<group>"; };
		4BE691CD2B3898160047BD08 /* SplashView.swift */ = {isa = PBXFileReference; fileEncoding = 4; lastKnownFileType = sourcecode.swift; path = SplashView.swift; sourceTree = "<group>"; };
		4BE691D02B3899080047BD08 /* JumpAndFallEmojis.swift */ = {isa = PBXFileReference; fileEncoding = 4; lastKnownFileType = sourcecode.swift; path = JumpAndFallEmojis.swift; sourceTree = "<group>"; };
		4BE691D22B3899360047BD08 /* JumpAndFallWithPhase.swift */ = {isa = PBXFileReference; fileEncoding = 4; lastKnownFileType = sourcecode.swift; path = JumpAndFallWithPhase.swift; sourceTree = "<group>"; };
		4BE691D42B3899400047BD08 /* JumpAndFallWithKeyframes.swift */ = {isa = PBXFileReference; fileEncoding = 4; lastKnownFileType = sourcecode.swift; path = JumpAndFallWithKeyframes.swift; sourceTree = "<group>"; };
		4BE691D72B3899A60047BD08 /* ScaleUp.swift */ = {isa = PBXFileReference; fileEncoding = 4; lastKnownFileType = sourcecode.swift; path = ScaleUp.swift; sourceTree = "<group>"; };
		4BE691D92B3899BE0047BD08 /* ReactionsView.swift */ = {isa = PBXFileReference; fileEncoding = 4; lastKnownFileType = sourcecode.swift; path = ReactionsView.swift; sourceTree = "<group>"; };
		844D0CFD2B64CCE00068E175 /* StackedSpring.swift */ = {isa = PBXFileReference; lastKnownFileType = sourcecode.swift; path = StackedSpring.swift; sourceTree = "<group>"; };
		8457B9062BDDE7D10097A244 /* SunAndWind.swift */ = {isa = PBXFileReference; fileEncoding = 4; lastKnownFileType = sourcecode.swift; path = SunAndWind.swift; sourceTree = "<group>"; };
		8457B9082BDDE7EA0097A244 /* MeasuringHeartRate.swift */ = {isa = PBXFileReference; fileEncoding = 4; lastKnownFileType = sourcecode.swift; path = MeasuringHeartRate.swift; sourceTree = "<group>"; };
		8457B90A2BDDE7F60097A244 /* StreamLogoMarchingAnts.swift */ = {isa = PBXFileReference; fileEncoding = 4; lastKnownFileType = sourcecode.swift; path = StreamLogoMarchingAnts.swift; sourceTree = "<group>"; };
		8457B90D2BDDE8410097A244 /* EaseInExample.swift */ = {isa = PBXFileReference; fileEncoding = 4; lastKnownFileType = sourcecode.swift; path = EaseInExample.swift; sourceTree = "<group>"; };
		8457B9102BDDE86C0097A244 /* EaseOutExample.swift */ = {isa = PBXFileReference; fileEncoding = 4; lastKnownFileType = sourcecode.swift; path = EaseOutExample.swift; sourceTree = "<group>"; };
		8457B9132BDDE8F90097A244 /* EaseInOutExample.swift */ = {isa = PBXFileReference; fileEncoding = 4; lastKnownFileType = sourcecode.swift; path = EaseInOutExample.swift; sourceTree = "<group>"; };
		8457B9162BDE3D010097A244 /* DuoGetStarted.swift */ = {isa = PBXFileReference; fileEncoding = 4; lastKnownFileType = sourcecode.swift; path = DuoGetStarted.swift; sourceTree = "<group>"; };
		8457B9182BDE3D0F0097A244 /* SpringyDuoGetStarted.swift */ = {isa = PBXFileReference; fileEncoding = 4; lastKnownFileType = sourcecode.swift; path = SpringyDuoGetStarted.swift; sourceTree = "<group>"; };
		8457B91A2BDE3D160097A244 /* MusicNotes.swift */ = {isa = PBXFileReference; fileEncoding = 4; lastKnownFileType = sourcecode.swift; path = MusicNotes.swift; sourceTree = "<group>"; };
		8457B91C2BDE3D1E0097A244 /* DuoLoading.swift */ = {isa = PBXFileReference; fileEncoding = 4; lastKnownFileType = sourcecode.swift; path = DuoLoading.swift; sourceTree = "<group>"; };
		845DAA382BB49FFF00B1F292 /* WWDC24View1.swift */ = {isa = PBXFileReference; lastKnownFileType = sourcecode.swift; path = WWDC24View1.swift; sourceTree = "<group>"; };
		8480EFA32BA89924000B2EC4 /* EmitterParticles.swift */ = {isa = PBXFileReference; lastKnownFileType = sourcecode.swift; path = EmitterParticles.swift; sourceTree = "<group>"; };
		849BCD5E2BA5FCB200CE7E10 /* DefaultAnimationWithAnimation.swift */ = {isa = PBXFileReference; lastKnownFileType = sourcecode.swift; path = DefaultAnimationWithAnimation.swift; sourceTree = "<group>"; };
		849BCD602BA5FCE900CE7E10 /* DefaultAnimationAnimationModifier.swift */ = {isa = PBXFileReference; lastKnownFileType = sourcecode.swift; path = DefaultAnimationAnimationModifier.swift; sourceTree = "<group>"; };
		849BCD622BA7B68C00CE7E10 /* FlipXYZ.swift */ = {isa = PBXFileReference; lastKnownFileType = sourcecode.swift; path = FlipXYZ.swift; sourceTree = "<group>"; };
		84C53E722CFB93910030A342 /* PulsingHearts.swift */ = {isa = PBXFileReference; lastKnownFileType = sourcecode.swift; path = PulsingHearts.swift; sourceTree = "<group>"; };
		84C53E752CFB93D40030A342 /* Thinking.swift */ = {isa = PBXFileReference; lastKnownFileType = sourcecode.swift; path = Thinking.swift; sourceTree = "<group>"; };
		84C53E772CFB940F0030A342 /* Thinking2.swift */ = {isa = PBXFileReference; lastKnownFileType = sourcecode.swift; path = Thinking2.swift; sourceTree = "<group>"; };
		84C53E792CFB94720030A342 /* CombinedSymbolEffects.swift */ = {isa = PBXFileReference; lastKnownFileType = sourcecode.swift; path = CombinedSymbolEffects.swift; sourceTree = "<group>"; };
		84C53E7C2CFB99010030A342 /* SlideWith3DYRotation.swift */ = {isa = PBXFileReference; lastKnownFileType = sourcecode.swift; path = SlideWith3DYRotation.swift; sourceTree = "<group>"; };
		84C53E7E2CFB99080030A342 /* SlideWithSpring.swift */ = {isa = PBXFileReference; lastKnownFileType = sourcecode.swift; path = SlideWithSpring.swift; sourceTree = "<group>"; };
		84C53E802CFB99130030A342 /* SlideWithHeuRotationGradient.swift */ = {isa = PBXFileReference; lastKnownFileType = sourcecode.swift; path = SlideWithHeuRotationGradient.swift; sourceTree = "<group>"; };
		84C53E822CFB99180030A342 /* SlideWithHueRotation.swift */ = {isa = PBXFileReference; lastKnownFileType = sourcecode.swift; path = SlideWithHueRotation.swift; sourceTree = "<group>"; };
		84C53E842CFB991E0030A342 /* SlideWithRotation.swift */ = {isa = PBXFileReference; lastKnownFileType = sourcecode.swift; path = SlideWithRotation.swift; sourceTree = "<group>"; };
		84C53E862CFB99220030A342 /* SlideToCancelWithScale.swift */ = {isa = PBXFileReference; lastKnownFileType = sourcecode.swift; path = SlideToCancelWithScale.swift; sourceTree = "<group>"; };
		84C53E882CFB99270030A342 /* SlideToCancelWithOpacity.swift */ = {isa = PBXFileReference; lastKnownFileType = sourcecode.swift; path = SlideToCancelWithOpacity.swift; sourceTree = "<group>"; };
		84C53E8A2CFB992C0030A342 /* WhatsAppPushToTalk.swift */ = {isa = PBXFileReference; lastKnownFileType = sourcecode.swift; path = WhatsAppPushToTalk.swift; sourceTree = "<group>"; };
		84C53E8C2CFB99320030A342 /* LockAnimationView.swift */ = {isa = PBXFileReference; lastKnownFileType = sourcecode.swift; path = LockAnimationView.swift; sourceTree = "<group>"; };
		84FEA40F2BBFF936001036A1 /* WWDC24Invite.swift */ = {isa = PBXFileReference; lastKnownFileType = sourcecode.swift; path = WWDC24Invite.swift; sourceTree = "<group>"; };
		84FEA4112BC12CF5001036A1 /* LinearAndEasedAnimations.swift */ = {isa = PBXFileReference; lastKnownFileType = sourcecode.swift; path = LinearAndEasedAnimations.swift; sourceTree = "<group>"; };
		84FEA4132BC1308E001036A1 /* FlipCharactersXYZ.swift */ = {isa = PBXFileReference; lastKnownFileType = sourcecode.swift; path = FlipCharactersXYZ.swift; sourceTree = "<group>"; };
/* End PBXFileReference section */

/* Begin PBXFileSystemSynchronizedRootGroup section */
		84C53E6E2CFB92F50030A342 /* HumanInitiatedAnimations */ = {isa = PBXFileSystemSynchronizedRootGroup; explicitFileTypes = {}; explicitFolders = (); path = HumanInitiatedAnimations; sourceTree = "<group>"; };
/* End PBXFileSystemSynchronizedRootGroup section */

/* Begin PBXFrameworksBuildPhase section */
		4B20C4992ADCD798009F337A /* Frameworks */ = {
			isa = PBXFrameworksBuildPhase;
			buildActionMask = 2147483647;
			files = (
			);
			runOnlyForDeploymentPostprocessing = 0;
		};
/* End PBXFrameworksBuildPhase section */

/* Begin PBXGroup section */
		4B20C4932ADCD798009F337A = {
			isa = PBXGroup;
			children = (
				4B20C49E2ADCD798009F337A /* OpenSwiftUIAnimations */,
				4B20C49D2ADCD798009F337A /* Products */,
			);
			sourceTree = "<group>";
		};
		4B20C49D2ADCD798009F337A /* Products */ = {
			isa = PBXGroup;
			children = (
				4B20C49C2ADCD798009F337A /* OpenSwiftUIAnimations.app */,
			);
			name = Products;
			sourceTree = "<group>";
		};
		4B20C49E2ADCD798009F337A /* OpenSwiftUIAnimations */ = {
			isa = PBXGroup;
			children = (
				84C53E7B2CFB98E80030A342 /* SlideToCancelAnimations */,
				84C53E742CFB93AD0030A342 /* AIThinkingAnimations */,
				84C53E712CFB936C0030A342 /* FitnessActivityAnimations */,
				84C53E6E2CFB92F50030A342 /* HumanInitiatedAnimations */,
				4BE691D62B38997E0047BD08 /* Reactions */,
				4BE691B02B38958B0047BD08 /* ChristmasTree */,
				4B20C49F2ADCD799009F337A /* OpenSwiftUIAnimationsApp.swift */,
				4BDEB7CA2B2222B300BD22BD /* Tutorials */,
				4B20C4AD2ADCD880009F337A /* AnimatedIllustrations */,
				4B20C4A12ADCD799009F337A /* AlertNotificationAnimation.swift */,
				4B20C4A32ADCD79D009F337A /* Assets.xcassets */,
				4B20C4A52ADCD79D009F337A /* Preview Content */,
			);
			path = OpenSwiftUIAnimations;
			sourceTree = "<group>";
		};
		4B20C4A52ADCD79D009F337A /* Preview Content */ = {
			isa = PBXGroup;
			children = (
				4B20C4A62ADCD79D009F337A /* Preview Assets.xcassets */,
			);
			path = "Preview Content";
			sourceTree = "<group>";
		};
		4B20C4AD2ADCD880009F337A /* AnimatedIllustrations */ = {
			isa = PBXGroup;
			children = (
				4B20C4AE2ADCD8A4009F337A /* MickeyMouseAnimation */,
			);
			path = AnimatedIllustrations;
			sourceTree = "<group>";
		};
		4B20C4AE2ADCD8A4009F337A /* MickeyMouseAnimation */ = {
			isa = PBXGroup;
			children = (
				4B20C4B12ADCE2BA009F337A /* MickeyMouseAnimation.swift */,
			);
			path = MickeyMouseAnimation;
			sourceTree = "<group>";
		};
		4BDEB7CA2B2222B300BD22BD /* Tutorials */ = {
			isa = PBXGroup;
			children = (
				8457B9152BDE3CE40097A244 /* DuolingoAnimations */,
				849BCD5D2BA5FC6F00CE7E10 /* BasicConcepts */,
				844D0CFD2B64CCE00068E175 /* StackedSpring.swift */,
				8480EFA32BA89924000B2EC4 /* EmitterParticles.swift */,
				845DAA382BB49FFF00B1F292 /* WWDC24View1.swift */,
				84FEA40F2BBFF936001036A1 /* WWDC24Invite.swift */,
			);
			path = Tutorials;
			sourceTree = "<group>";
		};
		4BE691B02B38958B0047BD08 /* ChristmasTree */ = {
			isa = PBXGroup;
			children = (
				4BE691B12B3895CF0047BD08 /* SwiftUIXmasTree.swift */,
				4BE691B32B3895DB0047BD08 /* XmasSurpriseView.swift */,
				4BE691B52B3895E40047BD08 /* PresentView.swift */,
				4BE691B72B3895FD0047BD08 /* GiftWithRibbonView.swift */,
				4BE691B92B3896050047BD08 /* HeartWithRibbonView.swift */,
				4BE691BB2B38960D0047BD08 /* MrsClausView.swift */,
				4BE691BD2B3896150047BD08 /* FatherChristmasView.swift */,
				4BE691BF2B38961D0047BD08 /* MxClausView.swift */,
				4BE691C12B3896270047BD08 /* CompositorView.swift */,
			);
			path = ChristmasTree;
			sourceTree = "<group>";
		};
		4BE691C32B3896BE0047BD08 /* MessengerReactions */ = {
			isa = PBXGroup;
			children = (
				4BE691C42B3896DF0047BD08 /* EmotionalReactions.swift */,
				4BE691C62B3896E90047BD08 /* IncomingMessageView.swift */,
			);
			path = MessengerReactions;
			sourceTree = "<group>";
		};
		4BE691C82B3897CA0047BD08 /* XLike */ = {
			isa = PBXGroup;
			children = (
				4BE691C92B3897F30047BD08 /* XLike1.swift */,
				4BE691CB2B3898090047BD08 /* XLike2.swift */,
				4BE691CD2B3898160047BD08 /* SplashView.swift */,
			);
			path = XLike;
			sourceTree = "<group>";
		};
		4BE691CF2B3898EB0047BD08 /* ReactionJumpAndFall */ = {
			isa = PBXGroup;
			children = (
				4BE691D02B3899080047BD08 /* JumpAndFallEmojis.swift */,
				4BE691D42B3899400047BD08 /* JumpAndFallWithKeyframes.swift */,
				4BE691D22B3899360047BD08 /* JumpAndFallWithPhase.swift */,
			);
			path = ReactionJumpAndFall;
			sourceTree = "<group>";
		};
		4BE691D62B38997E0047BD08 /* Reactions */ = {
			isa = PBXGroup;
			children = (
				4BE691D72B3899A60047BD08 /* ScaleUp.swift */,
				4BE691D92B3899BE0047BD08 /* ReactionsView.swift */,
				4BE691C32B3896BE0047BD08 /* MessengerReactions */,
				4BE691C82B3897CA0047BD08 /* XLike */,
				4BE691CF2B3898EB0047BD08 /* ReactionJumpAndFall */,
			);
			path = Reactions;
			sourceTree = "<group>";
		};
		8457B9042BDDE7B00097A244 /* LinearEasedAnimations */ = {
			isa = PBXGroup;
			children = (
				84FEA4112BC12CF5001036A1 /* LinearAndEasedAnimations.swift */,
				8457B9052BDDE7C30097A244 /* Linear */,
				8457B90C2BDDE8300097A244 /* EaseIn */,
				8457B90F2BDDE84E0097A244 /* EaseOut */,
				8457B9122BDDE8B60097A244 /* EaseInOut */,
			);
			path = LinearEasedAnimations;
			sourceTree = "<group>";
		};
		8457B9052BDDE7C30097A244 /* Linear */ = {
			isa = PBXGroup;
			children = (
				8457B90A2BDDE7F60097A244 /* StreamLogoMarchingAnts.swift */,
				8457B9062BDDE7D10097A244 /* SunAndWind.swift */,
				8457B9082BDDE7EA0097A244 /* MeasuringHeartRate.swift */,
			);
			path = Linear;
			sourceTree = "<group>";
		};
		8457B90C2BDDE8300097A244 /* EaseIn */ = {
			isa = PBXGroup;
			children = (
				8457B90D2BDDE8410097A244 /* EaseInExample.swift */,
			);
			path = EaseIn;
			sourceTree = "<group>";
		};
		8457B90F2BDDE84E0097A244 /* EaseOut */ = {
			isa = PBXGroup;
			children = (
				8457B9102BDDE86C0097A244 /* EaseOutExample.swift */,
			);
			path = EaseOut;
			sourceTree = "<group>";
		};
		8457B9122BDDE8B60097A244 /* EaseInOut */ = {
			isa = PBXGroup;
			children = (
				8457B9132BDDE8F90097A244 /* EaseInOutExample.swift */,
			);
			path = EaseInOut;
			sourceTree = "<group>";
		};
		8457B9152BDE3CE40097A244 /* DuolingoAnimations */ = {
			isa = PBXGroup;
			children = (
				8457B9162BDE3D010097A244 /* DuoGetStarted.swift */,
				8457B91C2BDE3D1E0097A244 /* DuoLoading.swift */,
				8457B9182BDE3D0F0097A244 /* SpringyDuoGetStarted.swift */,
				8457B91A2BDE3D160097A244 /* MusicNotes.swift */,
			);
			path = DuolingoAnimations;
			sourceTree = "<group>";
		};
		849BCD5D2BA5FC6F00CE7E10 /* BasicConcepts */ = {
			isa = PBXGroup;
			children = (
				8457B9042BDDE7B00097A244 /* LinearEasedAnimations */,
				4BDEB7CB2B2222D700BD22BD /* AnimationCompletionCriteria.swift */,
				849BCD5E2BA5FCB200CE7E10 /* DefaultAnimationWithAnimation.swift */,
				849BCD602BA5FCE900CE7E10 /* DefaultAnimationAnimationModifier.swift */,
				849BCD622BA7B68C00CE7E10 /* FlipXYZ.swift */,
				84FEA4132BC1308E001036A1 /* FlipCharactersXYZ.swift */,
			);
			path = BasicConcepts;
			sourceTree = "<group>";
		};
		84C53E712CFB936C0030A342 /* FitnessActivityAnimations */ = {
			isa = PBXGroup;
			children = (
				84C53E722CFB93910030A342 /* PulsingHearts.swift */,
			);
			path = FitnessActivityAnimations;
			sourceTree = "<group>";
		};
		84C53E742CFB93AD0030A342 /* AIThinkingAnimations */ = {
			isa = PBXGroup;
			children = (
				84C53E752CFB93D40030A342 /* Thinking.swift */,
				84C53E792CFB94720030A342 /* CombinedSymbolEffects.swift */,
				84C53E772CFB940F0030A342 /* Thinking2.swift */,
			);
			path = AIThinkingAnimations;
			sourceTree = "<group>";
		};
		84C53E7B2CFB98E80030A342 /* SlideToCancelAnimations */ = {
			isa = PBXGroup;
			children = (
				84C53E7C2CFB99010030A342 /* SlideWith3DYRotation.swift */,
				84C53E802CFB99130030A342 /* SlideWithHeuRotationGradient.swift */,
				84C53E862CFB99220030A342 /* SlideToCancelWithScale.swift */,
				84C53E822CFB99180030A342 /* SlideWithHueRotation.swift */,
				84C53E882CFB99270030A342 /* SlideToCancelWithOpacity.swift */,
				84C53E8C2CFB99320030A342 /* LockAnimationView.swift */,
				84C53E8A2CFB992C0030A342 /* WhatsAppPushToTalk.swift */,
				84C53E842CFB991E0030A342 /* SlideWithRotation.swift */,
				84C53E7E2CFB99080030A342 /* SlideWithSpring.swift */,
			);
			path = SlideToCancelAnimations;
			sourceTree = "<group>";
		};
/* End PBXGroup section */

/* Begin PBXNativeTarget section */
		4B20C49B2ADCD798009F337A /* OpenSwiftUIAnimations */ = {
			isa = PBXNativeTarget;
			buildConfigurationList = 4B20C4AA2ADCD79D009F337A /* Build configuration list for PBXNativeTarget "OpenSwiftUIAnimations" */;
			buildPhases = (
				4B20C4982ADCD798009F337A /* Sources */,
				4B20C4992ADCD798009F337A /* Frameworks */,
				4B20C49A2ADCD798009F337A /* Resources */,
			);
			buildRules = (
			);
			dependencies = (
			);
			fileSystemSynchronizedGroups = (
				84C53E6E2CFB92F50030A342 /* HumanInitiatedAnimations */,
			);
			name = OpenSwiftUIAnimations;
			productName = OpenSwiftUIAnimations;
			productReference = 4B20C49C2ADCD798009F337A /* OpenSwiftUIAnimations.app */;
			productType = "com.apple.product-type.application";
		};
/* End PBXNativeTarget section */

/* Begin PBXProject section */
		4B20C4942ADCD798009F337A /* Project object */ = {
			isa = PBXProject;
			attributes = {
				BuildIndependentTargetsInParallel = 1;
				LastSwiftUpdateCheck = 1500;
				LastUpgradeCheck = 1500;
				TargetAttributes = {
					4B20C49B2ADCD798009F337A = {
						CreatedOnToolsVersion = 15.0;
					};
				};
			};
			buildConfigurationList = 4B20C4972ADCD798009F337A /* Build configuration list for PBXProject "OpenSwiftUIAnimations" */;
			compatibilityVersion = "Xcode 14.0";
			developmentRegion = en;
			hasScannedForEncodings = 0;
			knownRegions = (
				en,
				Base,
			);
			mainGroup = 4B20C4932ADCD798009F337A;
			productRefGroup = 4B20C49D2ADCD798009F337A /* Products */;
			projectDirPath = "";
			projectRoot = "";
			targets = (
				4B20C49B2ADCD798009F337A /* OpenSwiftUIAnimations */,
			);
		};
/* End PBXProject section */

/* Begin PBXResourcesBuildPhase section */
		4B20C49A2ADCD798009F337A /* Resources */ = {
			isa = PBXResourcesBuildPhase;
			buildActionMask = 2147483647;
			files = (
				4B20C4A72ADCD79D009F337A /* Preview Assets.xcassets in Resources */,
				4B20C4A42ADCD79D009F337A /* Assets.xcassets in Resources */,
			);
			runOnlyForDeploymentPostprocessing = 0;
		};
/* End PBXResourcesBuildPhase section */

/* Begin PBXSourcesBuildPhase section */
		4B20C4982ADCD798009F337A /* Sources */ = {
			isa = PBXSourcesBuildPhase;
			buildActionMask = 2147483647;
			files = (
				8457B9092BDDE7EA0097A244 /* MeasuringHeartRate.swift in Sources */,
				4BE691B82B3895FD0047BD08 /* GiftWithRibbonView.swift in Sources */,
				84C53E7F2CFB99080030A342 /* SlideWithSpring.swift in Sources */,
				4BE691CC2B3898090047BD08 /* XLike2.swift in Sources */,
				84C53E732CFB93910030A342 /* PulsingHearts.swift in Sources */,
				8480EFA42BA89924000B2EC4 /* EmitterParticles.swift in Sources */,
				84C53E812CFB99130030A342 /* SlideWithHeuRotationGradient.swift in Sources */,
				849BCD632BA7B68C00CE7E10 /* FlipXYZ.swift in Sources */,
				84C53E782CFB940F0030A342 /* Thinking2.swift in Sources */,
				4BE691BE2B3896150047BD08 /* FatherChristmasView.swift in Sources */,
				8457B9072BDDE7D10097A244 /* SunAndWind.swift in Sources */,
				84FEA4122BC12CF5001036A1 /* LinearAndEasedAnimations.swift in Sources */,
				4B20C4A22ADCD799009F337A /* AlertNotificationAnimation.swift in Sources */,
				4BE691D52B3899400047BD08 /* JumpAndFallWithKeyframes.swift in Sources */,
				84C53E8D2CFB99320030A342 /* LockAnimationView.swift in Sources */,
				84FEA4142BC1308E001036A1 /* FlipCharactersXYZ.swift in Sources */,
				84C53E8B2CFB992C0030A342 /* WhatsAppPushToTalk.swift in Sources */,
				8457B91B2BDE3D160097A244 /* MusicNotes.swift in Sources */,
				4BE691D12B3899080047BD08 /* JumpAndFallEmojis.swift in Sources */,
				4BE691B22B3895CF0047BD08 /* SwiftUIXmasTree.swift in Sources */,
				4BE691C22B3896270047BD08 /* CompositorView.swift in Sources */,
				84C53E892CFB99270030A342 /* SlideToCancelWithOpacity.swift in Sources */,
				84C53E7D2CFB99010030A342 /* SlideWith3DYRotation.swift in Sources */,
				4BE691CA2B3897F30047BD08 /* XLike1.swift in Sources */,
				84C53E872CFB99220030A342 /* SlideToCancelWithScale.swift in Sources */,
				8457B90E2BDDE8410097A244 /* EaseInExample.swift in Sources */,
				84FEA4102BBFF936001036A1 /* WWDC24Invite.swift in Sources */,
				4BE691D32B3899360047BD08 /* JumpAndFallWithPhase.swift in Sources */,
				4BE691C52B3896DF0047BD08 /* EmotionalReactions.swift in Sources */,
				4BE691DA2B3899BE0047BD08 /* ReactionsView.swift in Sources */,
				84C53E832CFB99180030A342 /* SlideWithHueRotation.swift in Sources */,
				4BE691C02B38961D0047BD08 /* MxClausView.swift in Sources */,
				4BE691BA2B3896050047BD08 /* HeartWithRibbonView.swift in Sources */,
				84C53E7A2CFB94720030A342 /* CombinedSymbolEffects.swift in Sources */,
				849BCD612BA5FCE900CE7E10 /* DefaultAnimationAnimationModifier.swift in Sources */,
				8457B90B2BDDE7F60097A244 /* StreamLogoMarchingAnts.swift in Sources */,
				84C53E762CFB93D40030A342 /* Thinking.swift in Sources */,
				8457B9192BDE3D0F0097A244 /* SpringyDuoGetStarted.swift in Sources */,
				4BE691BC2B38960D0047BD08 /* MrsClausView.swift in Sources */,
				8457B91D2BDE3D1E0097A244 /* DuoLoading.swift in Sources */,
				4BE691B42B3895DB0047BD08 /* XmasSurpriseView.swift in Sources */,
				844D0CFE2B64CCE00068E175 /* StackedSpring.swift in Sources */,
				4BE691D82B3899A60047BD08 /* ScaleUp.swift in Sources */,
				4B20C4B22ADCE2BA009F337A /* MickeyMouseAnimation.swift in Sources */,
				4BE691C72B3896E90047BD08 /* IncomingMessageView.swift in Sources */,
				4B20C4A02ADCD799009F337A /* OpenSwiftUIAnimationsApp.swift in Sources */,
				845DAA392BB49FFF00B1F292 /* WWDC24View1.swift in Sources */,
				8457B9172BDE3D010097A244 /* DuoGetStarted.swift in Sources */,
				4BE691B62B3895E40047BD08 /* PresentView.swift in Sources */,
				849BCD5F2BA5FCB200CE7E10 /* DefaultAnimationWithAnimation.swift in Sources */,
				84C53E852CFB991E0030A342 /* SlideWithRotation.swift in Sources */,
				8457B9142BDDE8F90097A244 /* EaseInOutExample.swift in Sources */,
				4BDEB7CC2B2222D700BD22BD /* AnimationCompletionCriteria.swift in Sources */,
				8457B9112BDDE86C0097A244 /* EaseOutExample.swift in Sources */,
				4BE691CE2B3898160047BD08 /* SplashView.swift in Sources */,
			);
			runOnlyForDeploymentPostprocessing = 0;
		};
/* End PBXSourcesBuildPhase section */

/* Begin XCBuildConfiguration section */
		4B20C4A82ADCD79D009F337A /* Debug */ = {
			isa = XCBuildConfiguration;
			buildSettings = {
				ALWAYS_SEARCH_USER_PATHS = NO;
				ASSETCATALOG_COMPILER_GENERATE_SWIFT_ASSET_SYMBOL_EXTENSIONS = YES;
				CLANG_ANALYZER_NONNULL = YES;
				CLANG_ANALYZER_NUMBER_OBJECT_CONVERSION = YES_AGGRESSIVE;
				CLANG_CXX_LANGUAGE_STANDARD = "gnu++20";
				CLANG_ENABLE_MODULES = YES;
				CLANG_ENABLE_OBJC_ARC = YES;
				CLANG_ENABLE_OBJC_WEAK = YES;
				CLANG_WARN_BLOCK_CAPTURE_AUTORELEASING = YES;
				CLANG_WARN_BOOL_CONVERSION = YES;
				CLANG_WARN_COMMA = YES;
				CLANG_WARN_CONSTANT_CONVERSION = YES;
				CLANG_WARN_DEPRECATED_OBJC_IMPLEMENTATIONS = YES;
				CLANG_WARN_DIRECT_OBJC_ISA_USAGE = YES_ERROR;
				CLANG_WARN_DOCUMENTATION_COMMENTS = YES;
				CLANG_WARN_EMPTY_BODY = YES;
				CLANG_WARN_ENUM_CONVERSION = YES;
				CLANG_WARN_INFINITE_RECURSION = YES;
				CLANG_WARN_INT_CONVERSION = YES;
				CLANG_WARN_NON_LITERAL_NULL_CONVERSION = YES;
				CLANG_WARN_OBJC_IMPLICIT_RETAIN_SELF = YES;
				CLANG_WARN_OBJC_LITERAL_CONVERSION = YES;
				CLANG_WARN_OBJC_ROOT_CLASS = YES_ERROR;
				CLANG_WARN_QUOTED_INCLUDE_IN_FRAMEWORK_HEADER = YES;
				CLANG_WARN_RANGE_LOOP_ANALYSIS = YES;
				CLANG_WARN_STRICT_PROTOTYPES = YES;
				CLANG_WARN_SUSPICIOUS_MOVE = YES;
				CLANG_WARN_UNGUARDED_AVAILABILITY = YES_AGGRESSIVE;
				CLANG_WARN_UNREACHABLE_CODE = YES;
				CLANG_WARN__DUPLICATE_METHOD_MATCH = YES;
				COPY_PHASE_STRIP = NO;
				DEBUG_INFORMATION_FORMAT = dwarf;
				ENABLE_STRICT_OBJC_MSGSEND = YES;
				ENABLE_TESTABILITY = YES;
				ENABLE_USER_SCRIPT_SANDBOXING = YES;
				GCC_C_LANGUAGE_STANDARD = gnu17;
				GCC_DYNAMIC_NO_PIC = NO;
				GCC_NO_COMMON_BLOCKS = YES;
				GCC_OPTIMIZATION_LEVEL = 0;
				GCC_PREPROCESSOR_DEFINITIONS = (
					"DEBUG=1",
					"$(inherited)",
				);
				GCC_WARN_64_TO_32_BIT_CONVERSION = YES;
				GCC_WARN_ABOUT_RETURN_TYPE = YES_ERROR;
				GCC_WARN_UNDECLARED_SELECTOR = YES;
				GCC_WARN_UNINITIALIZED_AUTOS = YES_AGGRESSIVE;
				GCC_WARN_UNUSED_FUNCTION = YES;
				GCC_WARN_UNUSED_VARIABLE = YES;
				IPHONEOS_DEPLOYMENT_TARGET = 17.0;
				LOCALIZATION_PREFERS_STRING_CATALOGS = YES;
				MTL_ENABLE_DEBUG_INFO = INCLUDE_SOURCE;
				MTL_FAST_MATH = YES;
				ONLY_ACTIVE_ARCH = YES;
				SDKROOT = iphoneos;
				SWIFT_ACTIVE_COMPILATION_CONDITIONS = "DEBUG $(inherited)";
				SWIFT_OPTIMIZATION_LEVEL = "-Onone";
			};
			name = Debug;
		};
		4B20C4A92ADCD79D009F337A /* Release */ = {
			isa = XCBuildConfiguration;
			buildSettings = {
				ALWAYS_SEARCH_USER_PATHS = NO;
				ASSETCATALOG_COMPILER_GENERATE_SWIFT_ASSET_SYMBOL_EXTENSIONS = YES;
				CLANG_ANALYZER_NONNULL = YES;
				CLANG_ANALYZER_NUMBER_OBJECT_CONVERSION = YES_AGGRESSIVE;
				CLANG_CXX_LANGUAGE_STANDARD = "gnu++20";
				CLANG_ENABLE_MODULES = YES;
				CLANG_ENABLE_OBJC_ARC = YES;
				CLANG_ENABLE_OBJC_WEAK = YES;
				CLANG_WARN_BLOCK_CAPTURE_AUTORELEASING = YES;
				CLANG_WARN_BOOL_CONVERSION = YES;
				CLANG_WARN_COMMA = YES;
				CLANG_WARN_CONSTANT_CONVERSION = YES;
				CLANG_WARN_DEPRECATED_OBJC_IMPLEMENTATIONS = YES;
				CLANG_WARN_DIRECT_OBJC_ISA_USAGE = YES_ERROR;
				CLANG_WARN_DOCUMENTATION_COMMENTS = YES;
				CLANG_WARN_EMPTY_BODY = YES;
				CLANG_WARN_ENUM_CONVERSION = YES;
				CLANG_WARN_INFINITE_RECURSION = YES;
				CLANG_WARN_INT_CONVERSION = YES;
				CLANG_WARN_NON_LITERAL_NULL_CONVERSION = YES;
				CLANG_WARN_OBJC_IMPLICIT_RETAIN_SELF = YES;
				CLANG_WARN_OBJC_LITERAL_CONVERSION = YES;
				CLANG_WARN_OBJC_ROOT_CLASS = YES_ERROR;
				CLANG_WARN_QUOTED_INCLUDE_IN_FRAMEWORK_HEADER = YES;
				CLANG_WARN_RANGE_LOOP_ANALYSIS = YES;
				CLANG_WARN_STRICT_PROTOTYPES = YES;
				CLANG_WARN_SUSPICIOUS_MOVE = YES;
				CLANG_WARN_UNGUARDED_AVAILABILITY = YES_AGGRESSIVE;
				CLANG_WARN_UNREACHABLE_CODE = YES;
				CLANG_WARN__DUPLICATE_METHOD_MATCH = YES;
				COPY_PHASE_STRIP = NO;
				DEBUG_INFORMATION_FORMAT = "dwarf-with-dsym";
				ENABLE_NS_ASSERTIONS = NO;
				ENABLE_STRICT_OBJC_MSGSEND = YES;
				ENABLE_USER_SCRIPT_SANDBOXING = YES;
				GCC_C_LANGUAGE_STANDARD = gnu17;
				GCC_NO_COMMON_BLOCKS = YES;
				GCC_WARN_64_TO_32_BIT_CONVERSION = YES;
				GCC_WARN_ABOUT_RETURN_TYPE = YES_ERROR;
				GCC_WARN_UNDECLARED_SELECTOR = YES;
				GCC_WARN_UNINITIALIZED_AUTOS = YES_AGGRESSIVE;
				GCC_WARN_UNUSED_FUNCTION = YES;
				GCC_WARN_UNUSED_VARIABLE = YES;
				IPHONEOS_DEPLOYMENT_TARGET = 17.0;
				LOCALIZATION_PREFERS_STRING_CATALOGS = YES;
				MTL_ENABLE_DEBUG_INFO = NO;
				MTL_FAST_MATH = YES;
				SDKROOT = iphoneos;
				SWIFT_COMPILATION_MODE = wholemodule;
				VALIDATE_PRODUCT = YES;
			};
			name = Release;
		};
		4B20C4AB2ADCD79D009F337A /* Debug */ = {
			isa = XCBuildConfiguration;
			buildSettings = {
				ASSETCATALOG_COMPILER_APPICON_NAME = AppIcon;
				ASSETCATALOG_COMPILER_GLOBAL_ACCENT_COLOR_NAME = AccentColor;
				CODE_SIGN_STYLE = Automatic;
				CURRENT_PROJECT_VERSION = 1;
				DEVELOPMENT_ASSET_PATHS = "\"OpenSwiftUIAnimations/Preview Content\"";
				DEVELOPMENT_TEAM = 5BXN67M73D;
				ENABLE_PREVIEWS = YES;
				GENERATE_INFOPLIST_FILE = YES;
				INFOPLIST_KEY_UIApplicationSceneManifest_Generation = YES;
				INFOPLIST_KEY_UIApplicationSupportsIndirectInputEvents = YES;
				INFOPLIST_KEY_UILaunchScreen_Generation = YES;
				INFOPLIST_KEY_UISupportedInterfaceOrientations_iPad = "UIInterfaceOrientationPortrait UIInterfaceOrientationPortraitUpsideDown UIInterfaceOrientationLandscapeLeft UIInterfaceOrientationLandscapeRight";
				INFOPLIST_KEY_UISupportedInterfaceOrientations_iPhone = "UIInterfaceOrientationPortrait UIInterfaceOrientationLandscapeLeft UIInterfaceOrientationLandscapeRight";
				IPHONEOS_DEPLOYMENT_TARGET = 18.0;
				LD_RUNPATH_SEARCH_PATHS = (
					"$(inherited)",
					"@executable_path/Frameworks",
				);
				MARKETING_VERSION = 1.0;
				PRODUCT_BUNDLE_IDENTIFIER = com.amosgyamfi.OpenSwiftUIAnimations;
				PRODUCT_NAME = "$(TARGET_NAME)";
				SWIFT_EMIT_LOC_STRINGS = YES;
				SWIFT_VERSION = 5.0;
				TARGETED_DEVICE_FAMILY = "1,2";
			};
			name = Debug;
		};
		4B20C4AC2ADCD79D009F337A /* Release */ = {
			isa = XCBuildConfiguration;
			buildSettings = {
				ASSETCATALOG_COMPILER_APPICON_NAME = AppIcon;
				ASSETCATALOG_COMPILER_GLOBAL_ACCENT_COLOR_NAME = AccentColor;
				CODE_SIGN_STYLE = Automatic;
				CURRENT_PROJECT_VERSION = 1;
				DEVELOPMENT_ASSET_PATHS = "\"OpenSwiftUIAnimations/Preview Content\"";
				DEVELOPMENT_TEAM = 5BXN67M73D;
				ENABLE_PREVIEWS = YES;
				GENERATE_INFOPLIST_FILE = YES;
				INFOPLIST_KEY_UIApplicationSceneManifest_Generation = YES;
				INFOPLIST_KEY_UIApplicationSupportsIndirectInputEvents = YES;
				INFOPLIST_KEY_UILaunchScreen_Generation = YES;
				INFOPLIST_KEY_UISupportedInterfaceOrientations_iPad = "UIInterfaceOrientationPortrait UIInterfaceOrientationPortraitUpsideDown UIInterfaceOrientationLandscapeLeft UIInterfaceOrientationLandscapeRight";
				INFOPLIST_KEY_UISupportedInterfaceOrientations_iPhone = "UIInterfaceOrientationPortrait UIInterfaceOrientationLandscapeLeft UIInterfaceOrientationLandscapeRight";
				IPHONEOS_DEPLOYMENT_TARGET = 18.0;
				LD_RUNPATH_SEARCH_PATHS = (
					"$(inherited)",
					"@executable_path/Frameworks",
				);
				MARKETING_VERSION = 1.0;
				PRODUCT_BUNDLE_IDENTIFIER = com.amosgyamfi.OpenSwiftUIAnimations;
				PRODUCT_NAME = "$(TARGET_NAME)";
				SWIFT_EMIT_LOC_STRINGS = YES;
				SWIFT_VERSION = 5.0;
				TARGETED_DEVICE_FAMILY = "1,2";
			};
			name = Release;
		};
/* End XCBuildConfiguration section */

/* Begin XCConfigurationList section */
		4B20C4972ADCD798009F337A /* Build configuration list for PBXProject "OpenSwiftUIAnimations" */ = {
			isa = XCConfigurationList;
			buildConfigurations = (
				4B20C4A82ADCD79D009F337A /* Debug */,
				4B20C4A92ADCD79D009F337A /* Release */,
			);
			defaultConfigurationIsVisible = 0;
			defaultConfigurationName = Release;
		};
		4B20C4AA2ADCD79D009F337A /* Build configuration list for PBXNativeTarget "OpenSwiftUIAnimations" */ = {
			isa = XCConfigurationList;
			buildConfigurations = (
				4B20C4AB2ADCD79D009F337A /* Debug */,
				4B20C4AC2ADCD79D009F337A /* Release */,
			);
			defaultConfigurationIsVisible = 0;
			defaultConfigurationName = Release;
		};
/* End XCConfigurationList section */
	};
	rootObject = 4B20C4942ADCD798009F337A /* Project object */;
}
